
Microsoft Visual Studio Solution File, Format Version 12.00
# Visual Studio 15
VisualStudioVersion = 15.0.27428.2043
MinimumVisualStudioVersion = 10.0.40219.1
Project("{FAE04EC0-301F-11D3-BF4B-00C04F79EFBC}") = "multibackup", "multibackup\multibackup.csproj", "{DC7CAD37-86C7-41D7-989A-1194D094A79F}"
EndProject
Global
	GlobalSection(SolutionConfigurationPlatforms) = preSolution
		Debug|Any CPU = Debug|Any CPU
		Release|Any CPU = Release|Any CPU
	EndGlobalSection
	GlobalSection(ProjectConfigurationPlatforms) = postSolution
		{DC7CAD37-86C7-41D7-989A-1194D094A79F}.Debug|Any CPU.ActiveCfg = Debug|Any CPU
		{DC7CAD37-86C7-41D7-989A-1194D094A79F}.Debug|Any CPU.Build.0 = Debug|Any CPU
		{DC7CAD37-86C7-41D7-989A-1194D094A79F}.Release|Any CPU.ActiveCfg = Release|Any CPU
		{DC7CAD37-86C7-41D7-989A-1194D094A79F}.Release|Any CPU.Build.0 = Release|Any CPU
	EndGlobalSection
	GlobalSection(SolutionProperties) = preSolution
		HideSolutionNode = FALSE
	EndGlobalSection
	GlobalSection(ExtensibilityGlobals) = postSolution
		SolutionGuid = {0CA6B422-B867-4C37-A5D3-DF5AE6919B4E}
	EndGlobalSection
EndGlobal
